// !$*UTF8*$!
{
	archiveVersion = 1;
	classes = {
	};
	objectVersion = 56;
	objects = {

/* Begin PBXBuildFile section */
		E8BAF06828D86904000F7B2E /* AppDelegate.swift in Sources */ = {isa = PBXBuildFile; fileRef = E8BAF06728D86904000F7B2E /* AppDelegate.swift */; };
		E8BAF06A28D86904000F7B2E /* SceneDelegate.swift in Sources */ = {isa = PBXBuildFile; fileRef = E8BAF06928D86904000F7B2E /* SceneDelegate.swift */; };
		E8BAF06C28D86904000F7B2E /* ViewController.swift in Sources */ = {isa = PBXBuildFile; fileRef = E8BAF06B28D86904000F7B2E /* ViewController.swift */; };
		E8BAF06F28D86904000F7B2E /* Main.storyboard in Resources */ = {isa = PBXBuildFile; fileRef = E8BAF06D28D86904000F7B2E /* Main.storyboard */; };
		E8BAF07128D86906000F7B2E /* Assets.xcassets in Resources */ = {isa = PBXBuildFile; fileRef = E8BAF07028D86906000F7B2E /* Assets.xcassets */; };
		E8BAF07428D86906000F7B2E /* LaunchScreen.storyboard in Resources */ = {isa = PBXBuildFile; fileRef = E8BAF07228D86906000F7B2E /* LaunchScreen.storyboard */; };
		E8BAF07F28D86907000F7B2E /* githubDemoTests.swift in Sources */ = {isa = PBXBuildFile; fileRef = E8BAF07E28D86907000F7B2E /* githubDemoTests.swift */; };
		E8BAF08928D86907000F7B2E /* githubDemoUITests.swift in Sources */ = {isa = PBXBuildFile; fileRef = E8BAF08828D86907000F7B2E /* githubDemoUITests.swift */; };
		E8BAF08B28D86907000F7B2E /* githubDemoUITestsLaunchTests.swift in Sources */ = {isa = PBXBuildFile; fileRef = E8BAF08A28D86907000F7B2E /* githubDemoUITestsLaunchTests.swift */; };
/* End PBXBuildFile section */

/* Begin PBXContainerItemProxy section */
		E8BAF07B28D86907000F7B2E /* PBXContainerItemProxy */ = {
			isa = PBXContainerItemProxy;
			containerPortal = E8BAF05C28D86904000F7B2E /* Project object */;
			proxyType = 1;
			remoteGlobalIDString = E8BAF06328D86904000F7B2E;
			remoteInfo = githubDemo;
		};
		E8BAF08528D86907000F7B2E /* PBXContainerItemProxy */ = {
			isa = PBXContainerItemProxy;
			containerPortal = E8BAF05C28D86904000F7B2E /* Project object */;
			proxyType = 1;
			remoteGlobalIDString = E8BAF06328D86904000F7B2E;
			remoteInfo = githubDemo;
		};
/* End PBXContainerItemProxy section */

/* Begin PBXFileReference section */
		E8BAF06428D86904000F7B2E /* githubDemo.app */ = {isa = PBXFileReference; explicitFileType = wrapper.application; includeInIndex = 0; path = githubDemo.app; sourceTree = BUILT_PRODUCTS_DIR; };
		E8BAF06728D86904000F7B2E /* AppDelegate.swift */ = {isa = PBXFileReference; lastKnownFileType = sourcecode.swift; path = AppDelegate.swift; sourceTree = "<group>"; };
		E8BAF06928D86904000F7B2E /* SceneDelegate.swift */ = {isa = PBXFileReference; lastKnownFileType = sourcecode.swift; path = SceneDelegate.swift; sourceTree = "<group>"; };
		E8BAF06B28D86904000F7B2E /* ViewController.swift */ = {isa = PBXFileReference; lastKnownFileType = sourcecode.swift; path = ViewController.swift; sourceTree = "<group>"; };
		E8BAF06E28D86904000F7B2E /* Base */ = {isa = PBXFileReference; lastKnownFileType = file.storyboard; name = Base; path = Base.lproj/Main.storyboard; sourceTree = "<group>"; };
		E8BAF07028D86906000F7B2E /* Assets.xcassets */ = {isa = PBXFileReference; lastKnownFileType = folder.assetcatalog; path = Assets.xcassets; sourceTree = "<group>"; };
		E8BAF07328D86906000F7B2E /* Base */ = {isa = PBXFileReference; lastKnownFileType = file.storyboard; name = Base; path = Base.lproj/LaunchScreen.storyboard; sourceTree = "<group>"; };
		E8BAF07528D86906000F7B2E /* Info.plist */ = {isa = PBXFileReference; lastKnownFileType = text.plist.xml; path = Info.plist; sourceTree = "<group>"; };
		E8BAF07A28D86907000F7B2E /* githubDemoTests.xctest */ = {isa = PBXFileReference; explicitFileType = wrapper.cfbundle; includeInIndex = 0; path = githubDemoTests.xctest; sourceTree = BUILT_PRODUCTS_DIR; };
		E8BAF07E28D86907000F7B2E /* githubDemoTests.swift */ = {isa = PBXFileReference; lastKnownFileType = sourcecode.swift; path = githubDemoTests.swift; sourceTree = "<group>"; };
		E8BAF08428D86907000F7B2E /* githubDemoUITests.xctest */ = {isa = PBXFileReference; explicitFileType = wrapper.cfbundle; includeInIndex = 0; path = githubDemoUITests.xctest; sourceTree = BUILT_PRODUCTS_DIR; };
		E8BAF08828D86907000F7B2E /* githubDemoUITests.swift */ = {isa = PBXFileReference; lastKnownFileType = sourcecode.swift; path = githubDemoUITests.swift; sourceTree = "<group>"; };
		E8BAF08A28D86907000F7B2E /* githubDemoUITestsLaunchTests.swift */ = {isa = PBXFileReference; lastKnownFileType = sourcecode.swift; path = githubDemoUITestsLaunchTests.swift; sourceTree = "<group>"; };
/* End PBXFileReference section */

/* Begin PBXFrameworksBuildPhase section */
		E8BAF06128D86904000F7B2E /* Frameworks */ = {
			isa = PBXFrameworksBuildPhase;
			buildActionMask = 2147483647;
			files = (
			);
			runOnlyForDeploymentPostprocessing = 0;
		};
		E8BAF07728D86907000F7B2E /* Frameworks */ = {
			isa = PBXFrameworksBuildPhase;
			buildActionMask = 2147483647;
			files = (
			);
			runOnlyForDeploymentPostprocessing = 0;
		};
		E8BAF08128D86907000F7B2E /* Frameworks */ = {
			isa = PBXFrameworksBuildPhase;
			buildActionMask = 2147483647;
			files = (
			);
			runOnlyForDeploymentPostprocessing = 0;
		};
/* End PBXFrameworksBuildPhase section */

/* Begin PBXGroup section */
		E8BAF05B28D86904000F7B2E = {
			isa = PBXGroup;
			children = (
				E8BAF06628D86904000F7B2E /* githubDemo */,
				E8BAF07D28D86907000F7B2E /* githubDemoTests */,
				E8BAF08728D86907000F7B2E /* githubDemoUITests */,
				E8BAF06528D86904000F7B2E /* Products */,
			);
			sourceTree = "<group>";
		};
		E8BAF06528D86904000F7B2E /* Products */ = {
			isa = PBXGroup;
			children = (
				E8BAF06428D86904000F7B2E /* githubDemo.app */,
				E8BAF07A28D86907000F7B2E /* githubDemoTests.xctest */,
				E8BAF08428D86907000F7B2E /* githubDemoUITests.xctest */,
			);
			name = Products;
			sourceTree = "<group>";
		};
		E8BAF06628D86904000F7B2E /* githubDemo */ = {
			isa = PBXGroup;
			children = (
				E8BAF06728D86904000F7B2E /* AppDelegate.swift */,
				E8BAF06928D86904000F7B2E /* SceneDelegate.swift */,
				E8BAF06B28D86904000F7B2E /* ViewController.swift */,
				E8BAF06D28D86904000F7B2E /* Main.storyboard */,
				E8BAF07028D86906000F7B2E /* Assets.xcassets */,
				E8BAF07228D86906000F7B2E /* LaunchScreen.storyboard */,
				E8BAF07528D86906000F7B2E /* Info.plist */,
			);
			path = githubDemo;
			sourceTree = "<group>";
		};
		E8BAF07D28D86907000F7B2E /* githubDemoTests */ = {
			isa = PBXGroup;
			children = (
				E8BAF07E28D86907000F7B2E /* githubDemoTests.swift */,
			);
			path = githubDemoTests;
			sourceTree = "<group>";
		};
		E8BAF08728D86907000F7B2E /* githubDemoUITests */ = {
			isa = PBXGroup;
			children = (
				E8BAF08828D86907000F7B2E /* githubDemoUITests.swift */,
				E8BAF08A28D86907000F7B2E /* githubDemoUITestsLaunchTests.swift */,
			);
			path = githubDemoUITests;
			sourceTree = "<group>";
		};
/* End PBXGroup section */

/* Begin PBXNativeTarget section */
		E8BAF06328D86904000F7B2E /* githubDemo */ = {
			isa = PBXNativeTarget;
			buildConfigurationList = E8BAF08E28D86907000F7B2E /* Build configuration list for PBXNativeTarget "githubDemo" */;
			buildPhases = (
				E8BAF06028D86904000F7B2E /* Sources */,
				E8BAF06128D86904000F7B2E /* Frameworks */,
				E8BAF06228D86904000F7B2E /* Resources */,
			);
			buildRules = (
			);
			dependencies = (
			);
			name = githubDemo;
			productName = githubDemo;
			productReference = E8BAF06428D86904000F7B2E /* githubDemo.app */;
			productType = "com.apple.product-type.application";
		};
		E8BAF07928D86907000F7B2E /* githubDemoTests */ = {
			isa = PBXNativeTarget;
			buildConfigurationList = E8BAF09128D86907000F7B2E /* Build configuration list for PBXNativeTarget "githubDemoTests" */;
			buildPhases = (
				E8BAF07628D86907000F7B2E /* Sources */,
				E8BAF07728D86907000F7B2E /* Frameworks */,
				E8BAF07828D86907000F7B2E /* Resources */,
			);
			buildRules = (
			);
			dependencies = (
				E8BAF07C28D86907000F7B2E /* PBXTargetDependency */,
			);
			name = githubDemoTests;
			productName = githubDemoTests;
			productReference = E8BAF07A28D86907000F7B2E /* githubDemoTests.xctest */;
			productType = "com.apple.product-type.bundle.unit-test";
		};
		E8BAF08328D86907000F7B2E /* githubDemoUITests */ = {
			isa = PBXNativeTarget;
			buildConfigurationList = E8BAF09428D86907000F7B2E /* Build configuration list for PBXNativeTarget "githubDemoUITests" */;
			buildPhases = (
				E8BAF08028D86907000F7B2E /* Sources */,
				E8BAF08128D86907000F7B2E /* Frameworks */,
				E8BAF08228D86907000F7B2E /* Resources */,
			);
			buildRules = (
			);
			dependencies = (
				E8BAF08628D86907000F7B2E /* PBXTargetDependency */,
			);
			name = githubDemoUITests;
			productName = githubDemoUITests;
			productReference = E8BAF08428D86907000F7B2E /* githubDemoUITests.xctest */;
			productType = "com.apple.product-type.bundle.ui-testing";
		};
/* End PBXNativeTarget section */

/* Begin PBXProject section */
		E8BAF05C28D86904000F7B2E /* Project object */ = {
			isa = PBXProject;
			attributes = {
				BuildIndependentTargetsInParallel = 1;
				LastSwiftUpdateCheck = 1400;
				LastUpgradeCheck = 1400;
				TargetAttributes = {
					E8BAF06328D86904000F7B2E = {
						CreatedOnToolsVersion = 14.0;
					};
					E8BAF07928D86907000F7B2E = {
						CreatedOnToolsVersion = 14.0;
						TestTargetID = E8BAF06328D86904000F7B2E;
					};
					E8BAF08328D86907000F7B2E = {
						CreatedOnToolsVersion = 14.0;
						TestTargetID = E8BAF06328D86904000F7B2E;
					};
				};
			};
			buildConfigurationList = E8BAF05F28D86904000F7B2E /* Build configuration list for PBXProject "githubDemo" */;
			compatibilityVersion = "Xcode 14.0";
			developmentRegion = en;
			hasScannedForEncodings = 0;
			knownRegions = (
				en,
				Base,
			);
			mainGroup = E8BAF05B28D86904000F7B2E;
			productRefGroup = E8BAF06528D86904000F7B2E /* Products */;
			projectDirPath = "";
			projectRoot = "";
			targets = (
				E8BAF06328D86904000F7B2E /* githubDemo */,
				E8BAF07928D86907000F7B2E /* githubDemoTests */,
				E8BAF08328D86907000F7B2E /* githubDemoUITests */,
			);
		};
/* End PBXProject section */

/* Begin PBXResourcesBuildPhase section */
		E8BAF06228D86904000F7B2E /* Resources */ = {
			isa = PBXResourcesBuildPhase;
			buildActionMask = 2147483647;
			files = (
				E8BAF07428D86906000F7B2E /* LaunchScreen.storyboard in Resources */,
				E8BAF07128D86906000F7B2E /* Assets.xcassets in Resources */,
				E8BAF06F28D86904000F7B2E /* Main.storyboard in Resources */,
			);
			runOnlyForDeploymentPostprocessing = 0;
		};
		E8BAF07828D86907000F7B2E /* Resources */ = {
			isa = PBXResourcesBuildPhase;
			buildActionMask = 2147483647;
			files = (
			);
			runOnlyForDeploymentPostprocessing = 0;
		};
		E8BAF08228D86907000F7B2E /* Resources */ = {
			isa = PBXResourcesBuildPhase;
			buildActionMask = 2147483647;
			files = (
			);
			runOnlyForDeploymentPostprocessing = 0;
		};
/* End PBXResourcesBuildPhase section */

/* Begin PBXSourcesBuildPhase section */
		E8BAF06028D86904000F7B2E /* Sources */ = {
			isa = PBXSourcesBuildPhase;
			buildActionMask = 2147483647;
			files = (
				E8BAF06C28D86904000F7B2E /* ViewController.swift in Sources */,
				E8BAF06828D86904000F7B2E /* AppDelegate.swift in Sources */,
				E8BAF06A28D86904000F7B2E /* SceneDelegate.swift in Sources */,
			);
			runOnlyForDeploymentPostprocessing = 0;
		};
		E8BAF07628D86907000F7B2E /* Sources */ = {
			isa = PBXSourcesBuildPhase;
			buildActionMask = 2147483647;
			files = (
				E8BAF07F28D86907000F7B2E /* githubDemoTests.swift in Sources */,
			);
			runOnlyForDeploymentPostprocessing = 0;
		};
		E8BAF08028D86907000F7B2E /* Sources */ = {
			isa = PBXSourcesBuildPhase;
			buildActionMask = 2147483647;
			files = (
				E8BAF08B28D86907000F7B2E /* githubDemoUITestsLaunchTests.swift in Sources */,
				E8BAF08928D86907000F7B2E /* githubDemoUITests.swift in Sources */,
			);
			runOnlyForDeploymentPostprocessing = 0;
		};
/* End PBXSourcesBuildPhase section */

/* Begin PBXTargetDependency section */
		E8BAF07C28D86907000F7B2E /* PBXTargetDependency */ = {
			isa = PBXTargetDependency;
			target = E8BAF06328D86904000F7B2E /* githubDemo */;
			targetProxy = E8BAF07B28D86907000F7B2E /* PBXContainerItemProxy */;
		};
		E8BAF08628D86907000F7B2E /* PBXTargetDependency */ = {
			isa = PBXTargetDependency;
			target = E8BAF06328D86904000F7B2E /* githubDemo */;
			targetProxy = E8BAF08528D86907000F7B2E /* PBXContainerItemProxy */;
		};
/* End PBXTargetDependency section */

/* Begin PBXVariantGroup section */
		E8BAF06D28D86904000F7B2E /* Main.storyboard */ = {
			isa = PBXVariantGroup;
			children = (
				E8BAF06E28D86904000F7B2E /* Base */,
			);
			name = Main.storyboard;
			sourceTree = "<group>";
		};
		E8BAF07228D86906000F7B2E /* LaunchScreen.storyboard */ = {
			isa = PBXVariantGroup;
			children = (
				E8BAF07328D86906000F7B2E /* Base */,
			);
			name = LaunchScreen.storyboard;
			sourceTree = "<group>";
		};
/* End PBXVariantGroup section */

/* Begin XCBuildConfiguration section */
		E8BAF08C28D86907000F7B2E /* Debug */ = {
			isa = XCBuildConfiguration;
			buildSettings = {
				ALWAYS_SEARCH_USER_PATHS = NO;
				CLANG_ANALYZER_NONNULL = YES;
				CLANG_ANALYZER_NUMBER_OBJECT_CONVERSION = YES_AGGRESSIVE;
				CLANG_CXX_LANGUAGE_STANDARD = "gnu++20";
				CLANG_ENABLE_MODULES = YES;
				CLANG_ENABLE_OBJC_ARC = YES;
				CLANG_ENABLE_OBJC_WEAK = YES;
				CLANG_WARN_BLOCK_CAPTURE_AUTORELEASING = YES;
				CLANG_WARN_BOOL_CONVERSION = YES;
				CLANG_WARN_COMMA = YES;
				CLANG_WARN_CONSTANT_CONVERSION = YES;
				CLANG_WARN_DEPRECATED_OBJC_IMPLEMENTATIONS = YES;
				CLANG_WARN_DIRECT_OBJC_ISA_USAGE = YES_ERROR;
				CLANG_WARN_DOCUMENTATION_COMMENTS = YES;
				CLANG_WARN_EMPTY_BODY = YES;
				CLANG_WARN_ENUM_CONVERSION = YES;
				CLANG_WARN_INFINITE_RECURSION = YES;
				CLANG_WARN_INT_CONVERSION = YES;
				CLANG_WARN_NON_LITERAL_NULL_CONVERSION = YES;
				CLANG_WARN_OBJC_IMPLICIT_RETAIN_SELF = YES;
				CLANG_WARN_OBJC_LITERAL_CONVERSION = YES;
				CLANG_WARN_OBJC_ROOT_CLASS = YES_ERROR;
				CLANG_WARN_QUOTED_INCLUDE_IN_FRAMEWORK_HEADER = YES;
				CLANG_WARN_RANGE_LOOP_ANALYSIS = YES;
				CLANG_WARN_STRICT_PROTOTYPES = YES;
				CLANG_WARN_SUSPICIOUS_MOVE = YES;
				CLANG_WARN_UNGUARDED_AVAILABILITY = YES_AGGRESSIVE;
				CLANG_WARN_UNREACHABLE_CODE = YES;
				CLANG_WARN__DUPLICATE_METHOD_MATCH = YES;
				COPY_PHASE_STRIP = NO;
				DEBUG_INFORMATION_FORMAT = dwarf;
				ENABLE_STRICT_OBJC_MSGSEND = YES;
				ENABLE_TESTABILITY = YES;
				GCC_C_LANGUAGE_STANDARD = gnu11;
				GCC_DYNAMIC_NO_PIC = NO;
				GCC_NO_COMMON_BLOCKS = YES;
				GCC_OPTIMIZATION_LEVEL = 0;
				GCC_PREPROCESSOR_DEFINITIONS = (
					"DEBUG=1",
					"$(inherited)",
				);
				GCC_WARN_64_TO_32_BIT_CONVERSION = YES;
				GCC_WARN_ABOUT_RETURN_TYPE = YES_ERROR;
				GCC_WARN_UNDECLARED_SELECTOR = YES;
				GCC_WARN_UNINITIALIZED_AUTOS = YES_AGGRESSIVE;
				GCC_WARN_UNUSED_FUNCTION = YES;
				GCC_WARN_UNUSED_VARIABLE = YES;
				IPHONEOS_DEPLOYMENT_TARGET = 16.0;
				MTL_ENABLE_DEBUG_INFO = INCLUDE_SOURCE;
				MTL_FAST_MATH = YES;
				ONLY_ACTIVE_ARCH = YES;
				SDKROOT = iphoneos;
				SWIFT_ACTIVE_COMPILATION_CONDITIONS = DEBUG;
				SWIFT_OPTIMIZATION_LEVEL = "-Onone";
			};
			name = Debug;
		};
		E8BAF08D28D86907000F7B2E /* Release */ = {
			isa = XCBuildConfiguration;
			buildSettings = {
				ALWAYS_SEARCH_USER_PATHS = NO;
				CLANG_ANALYZER_NONNULL = YES;
				CLANG_ANALYZER_NUMBER_OBJECT_CONVERSION = YES_AGGRESSIVE;
				CLANG_CXX_LANGUAGE_STANDARD = "gnu++20";
				CLANG_ENABLE_MODULES = YES;
				CLANG_ENABLE_OBJC_ARC = YES;
				CLANG_ENABLE_OBJC_WEAK = YES;
				CLANG_WARN_BLOCK_CAPTURE_AUTORELEASING = YES;
				CLANG_WARN_BOOL_CONVERSION = YES;
				CLANG_WARN_COMMA = YES;
				CLANG_WARN_CONSTANT_CONVERSION = YES;
				CLANG_WARN_DEPRECATED_OBJC_IMPLEMENTATIONS = YES;
				CLANG_WARN_DIRECT_OBJC_ISA_USAGE = YES_ERROR;
				CLANG_WARN_DOCUMENTATION_COMMENTS = YES;
				CLANG_WARN_EMPTY_BODY = YES;
				CLANG_WARN_ENUM_CONVERSION = YES;
				CLANG_WARN_INFINITE_RECURSION = YES;
				CLANG_WARN_INT_CONVERSION = YES;
				CLANG_WARN_NON_LITERAL_NULL_CONVERSION = YES;
				CLANG_WARN_OBJC_IMPLICIT_RETAIN_SELF = YES;
				CLANG_WARN_OBJC_LITERAL_CONVERSION = YES;
				CLANG_WARN_OBJC_ROOT_CLASS = YES_ERROR;
				CLANG_WARN_QUOTED_INCLUDE_IN_FRAMEWORK_HEADER = YES;
				CLANG_WARN_RANGE_LOOP_ANALYSIS = YES;
				CLANG_WARN_STRICT_PROTOTYPES = YES;
				CLANG_WARN_SUSPICIOUS_MOVE = YES;
				CLANG_WARN_UNGUARDED_AVAILABILITY = YES_AGGRESSIVE;
				CLANG_WARN_UNREACHABLE_CODE = YES;
				CLANG_WARN__DUPLICATE_METHOD_MATCH = YES;
				COPY_PHASE_STRIP = NO;
				DEBUG_INFORMATION_FORMAT = "dwarf-with-dsym";
				ENABLE_NS_ASSERTIONS = NO;
				ENABLE_STRICT_OBJC_MSGSEND = YES;
				GCC_C_LANGUAGE_STANDARD = gnu11;
				GCC_NO_COMMON_BLOCKS = YES;
				GCC_WARN_64_TO_32_BIT_CONVERSION = YES;
				GCC_WARN_ABOUT_RETURN_TYPE = YES_ERROR;
				GCC_WARN_UNDECLARED_SELECTOR = YES;
				GCC_WARN_UNINITIALIZED_AUTOS = YES_AGGRESSIVE;
				GCC_WARN_UNUSED_FUNCTION = YES;
				GCC_WARN_UNUSED_VARIABLE = YES;
				IPHONEOS_DEPLOYMENT_TARGET = 16.0;
				MTL_ENABLE_DEBUG_INFO = NO;
				MTL_FAST_MATH = YES;
				SDKROOT = iphoneos;
				SWIFT_COMPILATION_MODE = wholemodule;
				SWIFT_OPTIMIZATION_LEVEL = "-O";
				VALIDATE_PRODUCT = YES;
			};
			name = Release;
		};
		E8BAF08F28D86907000F7B2E /* Debug */ = {
			isa = XCBuildConfiguration;
			buildSettings = {
				ASSETCATALOG_COMPILER_APPICON_NAME = AppIcon;
				ASSETCATALOG_COMPILER_GLOBAL_ACCENT_COLOR_NAME = AccentColor;
				CODE_SIGN_STYLE = Automatic;
				CURRENT_PROJECT_VERSION = 1;
				GENERATE_INFOPLIST_FILE = YES;
				INFOPLIST_FILE = githubDemo/Info.plist;
				INFOPLIST_KEY_UIApplicationSupportsIndirectInputEvents = YES;
				INFOPLIST_KEY_UILaunchStoryboardName = LaunchScreen;
				INFOPLIST_KEY_UIMainStoryboardFile = Main;
				INFOPLIST_KEY_UISupportedInterfaceOrientations_iPad = "UIInterfaceOrientationPortrait UIInterfaceOrientationPortraitUpsideDown UIInterfaceOrientationLandscapeLeft UIInterfaceOrientationLandscapeRight";
				INFOPLIST_KEY_UISupportedInterfaceOrientations_iPhone = "UIInterfaceOrientationPortrait UIInterfaceOrientationLandscapeLeft UIInterfaceOrientationLandscapeRight";
				LD_RUNPATH_SEARCH_PATHS = (
					"$(inherited)",
					"@executable_path/Frameworks",
				);
				MARKETING_VERSION = 1.0;
				PRODUCT_BUNDLE_IDENTIFIER = com.capgemini.githubDemo;
				PRODUCT_NAME = "$(TARGET_NAME)";
				SWIFT_EMIT_LOC_STRINGS = YES;
				SWIFT_VERSION = 5.0;
				TARGETED_DEVICE_FAMILY = "1,2";
			};
			name = Debug;
		};
		E8BAF09028D86907000F7B2E /* Release */ = {
			isa = XCBuildConfiguration;
			buildSettings = {
				ASSETCATALOG_COMPILER_APPICON_NAME = AppIcon;
				ASSETCATALOG_COMPILER_GLOBAL_ACCENT_COLOR_NAME = AccentColor;
				CODE_SIGN_STYLE = Automatic;
				CURRENT_PROJECT_VERSION = 1;
				GENERATE_INFOPLIST_FILE = YES;
				INFOPLIST_FILE = githubDemo/Info.plist;
				INFOPLIST_KEY_UIApplicationSupportsIndirectInputEvents = YES;
				INFOPLIST_KEY_UILaunchStoryboardName = LaunchScreen;
				INFOPLIST_KEY_UIMainStoryboardFile = Main;
				INFOPLIST_KEY_UISupportedInterfaceOrientations_iPad = "UIInterfaceOrientationPortrait UIInterfaceOrientationPortraitUpsideDown UIInterfaceOrientationLandscapeLeft UIInterfaceOrientationLandscapeRight";
				INFOPLIST_KEY_UISupportedInterfaceOrientations_iPhone = "UIInterfaceOrientationPortrait UIInterfaceOrientationLandscapeLeft UIInterfaceOrientationLandscapeRight";
				LD_RUNPATH_SEARCH_PATHS = (
					"$(inherited)",
					"@executable_path/Frameworks",
				);
				MARKETING_VERSION = 1.0;
				PRODUCT_BUNDLE_IDENTIFIER = com.capgemini.githubDemo;
				PRODUCT_NAME = "$(TARGET_NAME)";
				SWIFT_EMIT_LOC_STRINGS = YES;
				SWIFT_VERSION = 5.0;
				TARGETED_DEVICE_FAMILY = "1,2";
			};
			name = Release;
		};
		E8BAF09228D86907000F7B2E /* Debug */ = {
			isa = XCBuildConfiguration;
			buildSettings = {
				ALWAYS_EMBED_SWIFT_STANDARD_LIBRARIES = YES;
				BUNDLE_LOADER = "$(TEST_HOST)";
				CODE_SIGN_STYLE = Automatic;
				CURRENT_PROJECT_VERSION = 1;
				GENERATE_INFOPLIST_FILE = YES;
				IPHONEOS_DEPLOYMENT_TARGET = 16.0;
				MARKETING_VERSION = 1.0;
				PRODUCT_BUNDLE_IDENTIFIER = com.capgemini.githubDemoTests;
				PRODUCT_NAME = "$(TARGET_NAME)";
				SWIFT_EMIT_LOC_STRINGS = NO;
				SWIFT_VERSION = 5.0;
				TARGETED_DEVICE_FAMILY = "1,2";
				TEST_HOST = "$(BUILT_PRODUCTS_DIR)/githubDemo.app/$(BUNDLE_EXECUTABLE_FOLDER_PATH)/githubDemo";
			};
			name = Debug;
		};
		E8BAF09328D86907000F7B2E /* Release */ = {
			isa = XCBuildConfiguration;
			buildSettings = {
				ALWAYS_EMBED_SWIFT_STANDARD_LIBRARIES = YES;
				BUNDLE_LOADER = "$(TEST_HOST)";
				CODE_SIGN_STYLE = Automatic;
				CURRENT_PROJECT_VERSION = 1;
				GENERATE_INFOPLIST_FILE = YES;
				IPHONEOS_DEPLOYMENT_TARGET = 16.0;
				MARKETING_VERSION = 1.0;
				PRODUCT_BUNDLE_IDENTIFIER = com.capgemini.githubDemoTests;
				PRODUCT_NAME = "$(TARGET_NAME)";
				SWIFT_EMIT_LOC_STRINGS = NO;
				SWIFT_VERSION = 5.0;
				TARGETED_DEVICE_FAMILY = "1,2";
				TEST_HOST = "$(BUILT_PRODUCTS_DIR)/githubDemo.app/$(BUNDLE_EXECUTABLE_FOLDER_PATH)/githubDemo";
			};
			name = Release;
		};
		E8BAF09528D86907000F7B2E /* Debug */ = {
			isa = XCBuildConfiguration;
			buildSettings = {
				ALWAYS_EMBED_SWIFT_STANDARD_LIBRARIES = YES;
				CODE_SIGN_STYLE = Automatic;
				CURRENT_PROJECT_VERSION = 1;
				GENERATE_INFOPLIST_FILE = YES;
				MARKETING_VERSION = 1.0;
				PRODUCT_BUNDLE_IDENTIFIER = com.capgemini.githubDemoUITests;
				PRODUCT_NAME = "$(TARGET_NAME)";
				SWIFT_EMIT_LOC_STRINGS = NO;
				SWIFT_VERSION = 5.0;
				TARGETED_DEVICE_FAMILY = "1,2";
				TEST_TARGET_NAME = githubDemo;
			};
			name = Debug;
		};
		E8BAF09628D86907000F7B2E /* Release */ = {
			isa = XCBuildConfiguration;
			buildSettings = {
				ALWAYS_EMBED_SWIFT_STANDARD_LIBRARIES = YES;
				CODE_SIGN_STYLE = Automatic;
				CURRENT_PROJECT_VERSION = 1;
				GENERATE_INFOPLIST_FILE = YES;
				MARKETING_VERSION = 1.0;
				PRODUCT_BUNDLE_IDENTIFIER = com.capgemini.githubDemoUITests;
				PRODUCT_NAME = "$(TARGET_NAME)";
				SWIFT_EMIT_LOC_STRINGS = NO;
				SWIFT_VERSION = 5.0;
				TARGETED_DEVICE_FAMILY = "1,2";
				TEST_TARGET_NAME = githubDemo;
			};
			name = Release;
		};
/* End XCBuildConfiguration section */

/* Begin XCConfigurationList section */
		E8BAF05F28D86904000F7B2E /* Build configuration list for PBXProject "githubDemo" */ = {
			isa = XCConfigurationList;
			buildConfigurations = (
				E8BAF08C28D86907000F7B2E /* Debug */,
				E8BAF08D28D86907000F7B2E /* Release */,
			);
			defaultConfigurationIsVisible = 0;
			defaultConfigurationName = Release;
		};
		E8BAF08E28D86907000F7B2E /* Build configuration list for PBXNativeTarget "githubDemo" */ = {
			isa = XCConfigurationList;
			buildConfigurations = (
				E8BAF08F28D86907000F7B2E /* Debug */,
				E8BAF09028D86907000F7B2E /* Release */,
			);
			defaultConfigurationIsVisible = 0;
			defaultConfigurationName = Release;
		};
		E8BAF09128D86907000F7B2E /* Build configuration list for PBXNativeTarget "githubDemoTests" */ = {
			isa = XCConfigurationList;
			buildConfigurations = (
				E8BAF09228D86907000F7B2E /* Debug */,
				E8BAF09328D86907000F7B2E /* Release */,
			);
			defaultConfigurationIsVisible = 0;
			defaultConfigurationName = Release;
		};
		E8BAF09428D86907000F7B2E /* Build configuration list for PBXNativeTarget "githubDemoUITests" */ = {
			isa = XCConfigurationList;
			buildConfigurations = (
				E8BAF09528D86907000F7B2E /* Debug */,
				E8BAF09628D86907000F7B2E /* Release */,
			);
			defaultConfigurationIsVisible = 0;
			defaultConfigurationName = Release;
		};
/* End XCConfigurationList section */
	};
	rootObject = E8BAF05C28D86904000F7B2E /* Project object */;
}
